// !$*UTF8*$!
{
	archiveVersion = 1;
	classes = {
	};
	objectVersion = 56;
	objects = {

/* Begin PBXBuildFile section */
		3C204F9C2C396D5400404D3C /* OAuth2Service.swift in Sources */ = {isa = PBXBuildFile; fileRef = 3C204F9B2C396D5400404D3C /* OAuth2Service.swift */; };
		3C204FA02C39A94F00404D3C /* URLSession+data.swift in Sources */ = {isa = PBXBuildFile; fileRef = 3C204F9F2C39A94F00404D3C /* URLSession+data.swift */; };
		3C204FA22C39D9DD00404D3C /* OAuth2TokenStorage.swift in Sources */ = {isa = PBXBuildFile; fileRef = 3C204FA12C39D9DD00404D3C /* OAuth2TokenStorage.swift */; };
		3C204FA42C3AFE3D00404D3C /* SplashViewController.swift in Sources */ = {isa = PBXBuildFile; fileRef = 3C204FA32C3AFE3D00404D3C /* SplashViewController.swift */; };
		3C204FA62C3B0FE500404D3C /* AuthViewControllerDelegate.swift in Sources */ = {isa = PBXBuildFile; fileRef = 3C204FA52C3B0FE500404D3C /* AuthViewControllerDelegate.swift */; };
		3C336C232C41B0F4007B0A47 /* ProgressHUD in Frameworks */ = {isa = PBXBuildFile; productRef = 3C336C222C41B0F4007B0A47 /* ProgressHUD */; };
		3C336C252C44150B007B0A47 /* UIBlockingProgressHUD.swift in Sources */ = {isa = PBXBuildFile; fileRef = 3C336C242C44150B007B0A47 /* UIBlockingProgressHUD.swift */; };
		3C336C272C4418EF007B0A47 /* ProfileService.swift in Sources */ = {isa = PBXBuildFile; fileRef = 3C336C262C4418EF007B0A47 /* ProfileService.swift */; };
		3C336C292C444A29007B0A47 /* ProfileImageService.swift in Sources */ = {isa = PBXBuildFile; fileRef = 3C336C282C444A29007B0A47 /* ProfileImageService.swift */; };
		3C35C3AB2C10E1D5000BA1FE /* UIColor+Extensions.swift in Sources */ = {isa = PBXBuildFile; fileRef = 3C35C3AA2C10E1D5000BA1FE /* UIColor+Extensions.swift */; };
		3C35C3AF2C1217E9000BA1FE /* ImagesListView.swift in Sources */ = {isa = PBXBuildFile; fileRef = 3C35C3AE2C1217E9000BA1FE /* ImagesListView.swift */; };
		3C35C3B22C121A81000BA1FE /* AppColorSettings.swift in Sources */ = {isa = PBXBuildFile; fileRef = 3C35C3B12C121A81000BA1FE /* AppColorSettings.swift */; };
		3C35C3B52C123132000BA1FE /* ImagesListCell.swift in Sources */ = {isa = PBXBuildFile; fileRef = 3C35C3B42C123132000BA1FE /* ImagesListCell.swift */; };
		3C35C3B82C15E989000BA1FE /* ImagesListCellModel.swift in Sources */ = {isa = PBXBuildFile; fileRef = 3C35C3B72C15E989000BA1FE /* ImagesListCellModel.swift */; };
		3C35C3BC2C1B63C3000BA1FE /* ProfileViewController.swift in Sources */ = {isa = PBXBuildFile; fileRef = 3C35C3BB2C1B63C3000BA1FE /* ProfileViewController.swift */; };
		3C35C3BE2C1B6440000BA1FE /* ProfileView.swift in Sources */ = {isa = PBXBuildFile; fileRef = 3C35C3BD2C1B6440000BA1FE /* ProfileView.swift */; };
		3C35C3C02C1B6D45000BA1FE /* UIImage+Extensions.swift in Sources */ = {isa = PBXBuildFile; fileRef = 3C35C3BF2C1B6D45000BA1FE /* UIImage+Extensions.swift */; };
		3C35C3C32C1B7661000BA1FE /* ProfileModel.swift in Sources */ = {isa = PBXBuildFile; fileRef = 3C35C3C22C1B7661000BA1FE /* ProfileModel.swift */; };
		3C35C3C62C1DE5FD000BA1FE /* MainTabBarViewController.swift in Sources */ = {isa = PBXBuildFile; fileRef = 3C35C3C52C1DE5FD000BA1FE /* MainTabBarViewController.swift */; };
		3C35C3CA2C1F5520000BA1FE /* SingleImageViewController.swift in Sources */ = {isa = PBXBuildFile; fileRef = 3C35C3C92C1F5520000BA1FE /* SingleImageViewController.swift */; };
		3C35C3D12C1F5692000BA1FE /* SingleImageView.swift in Sources */ = {isa = PBXBuildFile; fileRef = 3C35C3D02C1F5692000BA1FE /* SingleImageView.swift */; };
		3C35C3D32C1F6581000BA1FE /* ImagesListCellDelegate.swift in Sources */ = {isa = PBXBuildFile; fileRef = 3C35C3D22C1F6581000BA1FE /* ImagesListCellDelegate.swift */; };
		3C35C3D62C1F69AB000BA1FE /* SingleImageModel.swift in Sources */ = {isa = PBXBuildFile; fileRef = 3C35C3D52C1F69AB000BA1FE /* SingleImageModel.swift */; };
		3C6F32612C3087BC00CD930F /* Constants.swift in Sources */ = {isa = PBXBuildFile; fileRef = 3C6F32602C3087BC00CD930F /* Constants.swift */; };
		3C6F32642C33235000CD930F /* AuthViewController.swift in Sources */ = {isa = PBXBuildFile; fileRef = 3C6F32632C33235000CD930F /* AuthViewController.swift */; };
		3C6F32662C3323DE00CD930F /* AuthView.swift in Sources */ = {isa = PBXBuildFile; fileRef = 3C6F32652C3323DE00CD930F /* AuthView.swift */; };
		3C6F32682C33305400CD930F /* WebViewViewController.swift in Sources */ = {isa = PBXBuildFile; fileRef = 3C6F32672C33305400CD930F /* WebViewViewController.swift */; };
		3C6F326A2C34643300CD930F /* WebViewView.swift in Sources */ = {isa = PBXBuildFile; fileRef = 3C6F32692C34643300CD930F /* WebViewView.swift */; };
		3C8A63FF2C0B5CE000FC6E6C /* AppDelegate.swift in Sources */ = {isa = PBXBuildFile; fileRef = 3C8A63FE2C0B5CE000FC6E6C /* AppDelegate.swift */; };
		3C8A64012C0B5CE000FC6E6C /* SceneDelegate.swift in Sources */ = {isa = PBXBuildFile; fileRef = 3C8A64002C0B5CE000FC6E6C /* SceneDelegate.swift */; };
		3C8A64032C0B5CE000FC6E6C /* ImagesListViewController.swift in Sources */ = {isa = PBXBuildFile; fileRef = 3C8A64022C0B5CE000FC6E6C /* ImagesListViewController.swift */; };
		3C8A64082C0B5CE100FC6E6C /* Assets.xcassets in Resources */ = {isa = PBXBuildFile; fileRef = 3C8A64072C0B5CE100FC6E6C /* Assets.xcassets */; };
		3C8A640B2C0B5CE100FC6E6C /* Base in Resources */ = {isa = PBXBuildFile; fileRef = 3C8A640A2C0B5CE100FC6E6C /* Base */; };
		3C8A64132C0CFE5E00FC6E6C /* LaunchScreen.storyboard in Resources */ = {isa = PBXBuildFile; fileRef = 3C8A64092C0B5CE100FC6E6C /* LaunchScreen.storyboard */; };
		3C95FC112C348CF2000F2256 /* WebViewViewControllerDelegate.swift in Sources */ = {isa = PBXBuildFile; fileRef = 3C95FC102C348CF2000F2256 /* WebViewViewControllerDelegate.swift */; };
/* End PBXBuildFile section */

/* Begin PBXFileReference section */
		3C204F9B2C396D5400404D3C /* OAuth2Service.swift */ = {isa = PBXFileReference; lastKnownFileType = sourcecode.swift; path = OAuth2Service.swift; sourceTree = "<group>"; };
		3C204F9F2C39A94F00404D3C /* URLSession+data.swift */ = {isa = PBXFileReference; lastKnownFileType = sourcecode.swift; path = "URLSession+data.swift"; sourceTree = "<group>"; };
		3C204FA12C39D9DD00404D3C /* OAuth2TokenStorage.swift */ = {isa = PBXFileReference; lastKnownFileType = sourcecode.swift; path = OAuth2TokenStorage.swift; sourceTree = "<group>"; };
		3C204FA32C3AFE3D00404D3C /* SplashViewController.swift */ = {isa = PBXFileReference; lastKnownFileType = sourcecode.swift; path = SplashViewController.swift; sourceTree = "<group>"; };
		3C204FA52C3B0FE500404D3C /* AuthViewControllerDelegate.swift */ = {isa = PBXFileReference; lastKnownFileType = sourcecode.swift; path = AuthViewControllerDelegate.swift; sourceTree = "<group>"; };
		3C336C242C44150B007B0A47 /* UIBlockingProgressHUD.swift */ = {isa = PBXFileReference; lastKnownFileType = sourcecode.swift; path = UIBlockingProgressHUD.swift; sourceTree = "<group>"; };
		3C336C262C4418EF007B0A47 /* ProfileService.swift */ = {isa = PBXFileReference; lastKnownFileType = sourcecode.swift; path = ProfileService.swift; sourceTree = "<group>"; };
		3C336C282C444A29007B0A47 /* ProfileImageService.swift */ = {isa = PBXFileReference; lastKnownFileType = sourcecode.swift; path = ProfileImageService.swift; sourceTree = "<group>"; };
		3C35C3AA2C10E1D5000BA1FE /* UIColor+Extensions.swift */ = {isa = PBXFileReference; lastKnownFileType = sourcecode.swift; path = "UIColor+Extensions.swift"; sourceTree = "<group>"; };
		3C35C3AE2C1217E9000BA1FE /* ImagesListView.swift */ = {isa = PBXFileReference; lastKnownFileType = sourcecode.swift; path = ImagesListView.swift; sourceTree = "<group>"; };
		3C35C3B12C121A81000BA1FE /* AppColorSettings.swift */ = {isa = PBXFileReference; lastKnownFileType = sourcecode.swift; path = AppColorSettings.swift; sourceTree = "<group>"; };
		3C35C3B42C123132000BA1FE /* ImagesListCell.swift */ = {isa = PBXFileReference; lastKnownFileType = sourcecode.swift; path = ImagesListCell.swift; sourceTree = "<group>"; };
		3C35C3B72C15E989000BA1FE /* ImagesListCellModel.swift */ = {isa = PBXFileReference; lastKnownFileType = sourcecode.swift; path = ImagesListCellModel.swift; sourceTree = "<group>"; };
		3C35C3BB2C1B63C3000BA1FE /* ProfileViewController.swift */ = {isa = PBXFileReference; lastKnownFileType = sourcecode.swift; path = ProfileViewController.swift; sourceTree = "<group>"; };
		3C35C3BD2C1B6440000BA1FE /* ProfileView.swift */ = {isa = PBXFileReference; lastKnownFileType = sourcecode.swift; path = ProfileView.swift; sourceTree = "<group>"; };
		3C35C3BF2C1B6D45000BA1FE /* UIImage+Extensions.swift */ = {isa = PBXFileReference; lastKnownFileType = sourcecode.swift; path = "UIImage+Extensions.swift"; sourceTree = "<group>"; };
		3C35C3C22C1B7661000BA1FE /* ProfileModel.swift */ = {isa = PBXFileReference; lastKnownFileType = sourcecode.swift; path = ProfileModel.swift; sourceTree = "<group>"; };
		3C35C3C52C1DE5FD000BA1FE /* MainTabBarViewController.swift */ = {isa = PBXFileReference; lastKnownFileType = sourcecode.swift; path = MainTabBarViewController.swift; sourceTree = "<group>"; };
		3C35C3C92C1F5520000BA1FE /* SingleImageViewController.swift */ = {isa = PBXFileReference; lastKnownFileType = sourcecode.swift; path = SingleImageViewController.swift; sourceTree = "<group>"; };
		3C35C3D02C1F5692000BA1FE /* SingleImageView.swift */ = {isa = PBXFileReference; lastKnownFileType = sourcecode.swift; path = SingleImageView.swift; sourceTree = "<group>"; };
		3C35C3D22C1F6581000BA1FE /* ImagesListCellDelegate.swift */ = {isa = PBXFileReference; lastKnownFileType = sourcecode.swift; path = ImagesListCellDelegate.swift; sourceTree = "<group>"; };
		3C35C3D52C1F69AB000BA1FE /* SingleImageModel.swift */ = {isa = PBXFileReference; lastKnownFileType = sourcecode.swift; path = SingleImageModel.swift; sourceTree = "<group>"; };
		3C6F32602C3087BC00CD930F /* Constants.swift */ = {isa = PBXFileReference; lastKnownFileType = sourcecode.swift; path = Constants.swift; sourceTree = "<group>"; };
		3C6F32632C33235000CD930F /* AuthViewController.swift */ = {isa = PBXFileReference; lastKnownFileType = sourcecode.swift; path = AuthViewController.swift; sourceTree = "<group>"; };
		3C6F32652C3323DE00CD930F /* AuthView.swift */ = {isa = PBXFileReference; lastKnownFileType = sourcecode.swift; path = AuthView.swift; sourceTree = "<group>"; };
		3C6F32672C33305400CD930F /* WebViewViewController.swift */ = {isa = PBXFileReference; lastKnownFileType = sourcecode.swift; path = WebViewViewController.swift; sourceTree = "<group>"; };
		3C6F32692C34643300CD930F /* WebViewView.swift */ = {isa = PBXFileReference; lastKnownFileType = sourcecode.swift; path = WebViewView.swift; sourceTree = "<group>"; };
		3C8A63FB2C0B5CE000FC6E6C /* ImageFeed.app */ = {isa = PBXFileReference; explicitFileType = wrapper.application; includeInIndex = 0; path = ImageFeed.app; sourceTree = BUILT_PRODUCTS_DIR; };
		3C8A63FE2C0B5CE000FC6E6C /* AppDelegate.swift */ = {isa = PBXFileReference; lastKnownFileType = sourcecode.swift; path = AppDelegate.swift; sourceTree = "<group>"; };
		3C8A64002C0B5CE000FC6E6C /* SceneDelegate.swift */ = {isa = PBXFileReference; lastKnownFileType = sourcecode.swift; path = SceneDelegate.swift; sourceTree = "<group>"; };
		3C8A64022C0B5CE000FC6E6C /* ImagesListViewController.swift */ = {isa = PBXFileReference; lastKnownFileType = sourcecode.swift; path = ImagesListViewController.swift; sourceTree = "<group>"; };
		3C8A64072C0B5CE100FC6E6C /* Assets.xcassets */ = {isa = PBXFileReference; lastKnownFileType = folder.assetcatalog; path = Assets.xcassets; sourceTree = "<group>"; };
		3C8A640A2C0B5CE100FC6E6C /* Base */ = {isa = PBXFileReference; lastKnownFileType = file.storyboard; name = Base; path = Base.lproj/LaunchScreen.storyboard; sourceTree = "<group>"; };
		3C8A640C2C0B5CE100FC6E6C /* Info.plist */ = {isa = PBXFileReference; lastKnownFileType = text.plist.xml; path = Info.plist; sourceTree = "<group>"; };
		3C95FC102C348CF2000F2256 /* WebViewViewControllerDelegate.swift */ = {isa = PBXFileReference; lastKnownFileType = sourcecode.swift; path = WebViewViewControllerDelegate.swift; sourceTree = "<group>"; };
/* End PBXFileReference section */

/* Begin PBXFrameworksBuildPhase section */
		3C8A63F82C0B5CE000FC6E6C /* Frameworks */ = {
			isa = PBXFrameworksBuildPhase;
			buildActionMask = 2147483647;
			files = (
				3C336C232C41B0F4007B0A47 /* ProgressHUD in Frameworks */,
			);
			runOnlyForDeploymentPostprocessing = 0;
		};
/* End PBXFrameworksBuildPhase section */

/* Begin PBXGroup section */
		3C204F9A2C396D3F00404D3C /* Services */ = {
			isa = PBXGroup;
			children = (
				3C204F9B2C396D5400404D3C /* OAuth2Service.swift */,
				3C204FA12C39D9DD00404D3C /* OAuth2TokenStorage.swift */,
				3C336C262C4418EF007B0A47 /* ProfileService.swift */,
				3C336C282C444A29007B0A47 /* ProfileImageService.swift */,
				3C336C242C44150B007B0A47 /* UIBlockingProgressHUD.swift */,
			);
			path = Services;
			sourceTree = "<group>";
		};
		3C35C3A92C10E1A7000BA1FE /* Extensions */ = {
			isa = PBXGroup;
			children = (
				3C35C3AA2C10E1D5000BA1FE /* UIColor+Extensions.swift */,
				3C35C3BF2C1B6D45000BA1FE /* UIImage+Extensions.swift */,
				3C204F9F2C39A94F00404D3C /* URLSession+data.swift */,
			);
			path = Extensions;
			sourceTree = "<group>";
		};
		3C35C3AD2C1217D0000BA1FE /* Presentation */ = {
			isa = PBXGroup;
			children = (
				3C35C3C42C1DE5ED000BA1FE /* Navigation */,
				3C6F32622C33234300CD930F /* Auth */,
				3C35C3BA2C1B63B7000BA1FE /* Profile */,
				3C35C3B32C12311A000BA1FE /* ImagesList */,
				3C35C3C82C1F54E5000BA1FE /* SingleImage */,
			);
			path = Presentation;
			sourceTree = "<group>";
		};
		3C35C3B02C121A3F000BA1FE /* AppSettings */ = {
			isa = PBXGroup;
			children = (
				3C35C3B12C121A81000BA1FE /* AppColorSettings.swift */,
				3C6F32602C3087BC00CD930F /* Constants.swift */,
			);
			path = AppSettings;
			sourceTree = "<group>";
		};
		3C35C3B32C12311A000BA1FE /* ImagesList */ = {
			isa = PBXGroup;
			children = (
				3C8A64022C0B5CE000FC6E6C /* ImagesListViewController.swift */,
				3C35C3AE2C1217E9000BA1FE /* ImagesListView.swift */,
				3C35C3B42C123132000BA1FE /* ImagesListCell.swift */,
				3C35C3D22C1F6581000BA1FE /* ImagesListCellDelegate.swift */,
				3C35C3B62C15E970000BA1FE /* Models */,
			);
			path = ImagesList;
			sourceTree = "<group>";
		};
		3C35C3B62C15E970000BA1FE /* Models */ = {
			isa = PBXGroup;
			children = (
				3C35C3B72C15E989000BA1FE /* ImagesListCellModel.swift */,
			);
			path = Models;
			sourceTree = "<group>";
		};
		3C35C3BA2C1B63B7000BA1FE /* Profile */ = {
			isa = PBXGroup;
			children = (
				3C35C3BB2C1B63C3000BA1FE /* ProfileViewController.swift */,
				3C35C3BD2C1B6440000BA1FE /* ProfileView.swift */,
				3C35C3C12C1B762D000BA1FE /* Models */,
			);
			path = Profile;
			sourceTree = "<group>";
		};
		3C35C3C12C1B762D000BA1FE /* Models */ = {
			isa = PBXGroup;
			children = (
				3C35C3C22C1B7661000BA1FE /* ProfileModel.swift */,
			);
			path = Models;
			sourceTree = "<group>";
		};
		3C35C3C42C1DE5ED000BA1FE /* Navigation */ = {
			isa = PBXGroup;
			children = (
				3C35C3C52C1DE5FD000BA1FE /* MainTabBarViewController.swift */,
				3C204FA32C3AFE3D00404D3C /* SplashViewController.swift */,
			);
			path = Navigation;
			sourceTree = "<group>";
		};
		3C35C3C82C1F54E5000BA1FE /* SingleImage */ = {
			isa = PBXGroup;
			children = (
				3C35C3C92C1F5520000BA1FE /* SingleImageViewController.swift */,
				3C35C3D02C1F5692000BA1FE /* SingleImageView.swift */,
				3C35C3D42C1F6993000BA1FE /* Models */,
			);
			path = SingleImage;
			sourceTree = "<group>";
		};
		3C35C3D42C1F6993000BA1FE /* Models */ = {
			isa = PBXGroup;
			children = (
				3C35C3D52C1F69AB000BA1FE /* SingleImageModel.swift */,
			);
			path = Models;
			sourceTree = "<group>";
		};
		3C6F32622C33234300CD930F /* Auth */ = {
			isa = PBXGroup;
			children = (
				3C6F32632C33235000CD930F /* AuthViewController.swift */,
				3C6F32652C3323DE00CD930F /* AuthView.swift */,
				3C6F32672C33305400CD930F /* WebViewViewController.swift */,
				3C6F32692C34643300CD930F /* WebViewView.swift */,
				3C95FC0F2C348CCB000F2256 /* Protocol */,
			);
			path = Auth;
			sourceTree = "<group>";
		};
		3C8A63F22C0B5CE000FC6E6C = {
			isa = PBXGroup;
			children = (
				3C8A63FD2C0B5CE000FC6E6C /* ImageFeed */,
				3C8A63FC2C0B5CE000FC6E6C /* Products */,
			);
			sourceTree = "<group>";
		};
		3C8A63FC2C0B5CE000FC6E6C /* Products */ = {
			isa = PBXGroup;
			children = (
				3C8A63FB2C0B5CE000FC6E6C /* ImageFeed.app */,
			);
			name = Products;
			sourceTree = "<group>";
		};
		3C8A63FD2C0B5CE000FC6E6C /* ImageFeed */ = {
			isa = PBXGroup;
			children = (
				3C35C3AD2C1217D0000BA1FE /* Presentation */,
				3C35C3B02C121A3F000BA1FE /* AppSettings */,
				3C35C3A92C10E1A7000BA1FE /* Extensions */,
				3C204F9A2C396D3F00404D3C /* Services */,
				3C8A64122C0B5EE000FC6E6C /* SystemFiles */,
			);
			path = ImageFeed;
			sourceTree = "<group>";
		};
		3C8A64122C0B5EE000FC6E6C /* SystemFiles */ = {
			isa = PBXGroup;
			children = (
				3C8A63FE2C0B5CE000FC6E6C /* AppDelegate.swift */,
				3C8A64002C0B5CE000FC6E6C /* SceneDelegate.swift */,
				3C8A64092C0B5CE100FC6E6C /* LaunchScreen.storyboard */,
				3C8A640C2C0B5CE100FC6E6C /* Info.plist */,
				3C8A64072C0B5CE100FC6E6C /* Assets.xcassets */,
			);
			path = SystemFiles;
			sourceTree = "<group>";
		};
		3C95FC0F2C348CCB000F2256 /* Protocol */ = {
			isa = PBXGroup;
			children = (
				3C95FC102C348CF2000F2256 /* WebViewViewControllerDelegate.swift */,
				3C204FA52C3B0FE500404D3C /* AuthViewControllerDelegate.swift */,
			);
			path = Protocol;
			sourceTree = "<group>";
		};
/* End PBXGroup section */

/* Begin PBXNativeTarget section */
		3C8A63FA2C0B5CE000FC6E6C /* ImageFeed */ = {
			isa = PBXNativeTarget;
			buildConfigurationList = 3C8A640F2C0B5CE100FC6E6C /* Build configuration list for PBXNativeTarget "ImageFeed" */;
			buildPhases = (
				3C8A63F72C0B5CE000FC6E6C /* Sources */,
				3C8A63F82C0B5CE000FC6E6C /* Frameworks */,
				3C8A63F92C0B5CE000FC6E6C /* Resources */,
			);
			buildRules = (
			);
			dependencies = (
			);
			name = ImageFeed;
			packageProductDependencies = (
				3C336C222C41B0F4007B0A47 /* ProgressHUD */,
			);
			productName = ImageFeed;
			productReference = 3C8A63FB2C0B5CE000FC6E6C /* ImageFeed.app */;
			productType = "com.apple.product-type.application";
		};
/* End PBXNativeTarget section */

/* Begin PBXProject section */
		3C8A63F32C0B5CE000FC6E6C /* Project object */ = {
			isa = PBXProject;
			attributes = {
				BuildIndependentTargetsInParallel = 1;
				LastSwiftUpdateCheck = 1540;
				LastUpgradeCheck = 1540;
				TargetAttributes = {
					3C8A63FA2C0B5CE000FC6E6C = {
						CreatedOnToolsVersion = 15.4;
					};
				};
			};
			buildConfigurationList = 3C8A63F62C0B5CE000FC6E6C /* Build configuration list for PBXProject "ImageFeed" */;
			compatibilityVersion = "Xcode 14.0";
			developmentRegion = en;
			hasScannedForEncodings = 0;
			knownRegions = (
				en,
				Base,
			);
			mainGroup = 3C8A63F22C0B5CE000FC6E6C;
			packageReferences = (
				3C336C212C41B0F4007B0A47 /* XCRemoteSwiftPackageReference "ProgressHUD" */,
			);
			productRefGroup = 3C8A63FC2C0B5CE000FC6E6C /* Products */;
			projectDirPath = "";
			projectRoot = "";
			targets = (
				3C8A63FA2C0B5CE000FC6E6C /* ImageFeed */,
			);
		};
/* End PBXProject section */

/* Begin PBXResourcesBuildPhase section */
		3C8A63F92C0B5CE000FC6E6C /* Resources */ = {
			isa = PBXResourcesBuildPhase;
			buildActionMask = 2147483647;
			files = (
				3C8A64132C0CFE5E00FC6E6C /* LaunchScreen.storyboard in Resources */,
				3C8A64082C0B5CE100FC6E6C /* Assets.xcassets in Resources */,
				3C8A640B2C0B5CE100FC6E6C /* Base in Resources */,
			);
			runOnlyForDeploymentPostprocessing = 0;
		};
/* End PBXResourcesBuildPhase section */

/* Begin PBXSourcesBuildPhase section */
		3C8A63F72C0B5CE000FC6E6C /* Sources */ = {
			isa = PBXSourcesBuildPhase;
			buildActionMask = 2147483647;
			files = (
				3C35C3D12C1F5692000BA1FE /* SingleImageView.swift in Sources */,
				3C35C3AF2C1217E9000BA1FE /* ImagesListView.swift in Sources */,
				3C336C252C44150B007B0A47 /* UIBlockingProgressHUD.swift in Sources */,
				3C204F9C2C396D5400404D3C /* OAuth2Service.swift in Sources */,
				3C204FA42C3AFE3D00404D3C /* SplashViewController.swift in Sources */,
				3C204FA22C39D9DD00404D3C /* OAuth2TokenStorage.swift in Sources */,
				3C8A64032C0B5CE000FC6E6C /* ImagesListViewController.swift in Sources */,
				3C35C3BE2C1B6440000BA1FE /* ProfileView.swift in Sources */,
				3C35C3D32C1F6581000BA1FE /* ImagesListCellDelegate.swift in Sources */,
				3C204FA02C39A94F00404D3C /* URLSession+data.swift in Sources */,
				3C35C3C32C1B7661000BA1FE /* ProfileModel.swift in Sources */,
				3C6F32662C3323DE00CD930F /* AuthView.swift in Sources */,
				3C336C292C444A29007B0A47 /* ProfileImageService.swift in Sources */,
				3C6F32682C33305400CD930F /* WebViewViewController.swift in Sources */,
				3C8A63FF2C0B5CE000FC6E6C /* AppDelegate.swift in Sources */,
				3C35C3C02C1B6D45000BA1FE /* UIImage+Extensions.swift in Sources */,
				3C35C3B52C123132000BA1FE /* ImagesListCell.swift in Sources */,
				3C8A64012C0B5CE000FC6E6C /* SceneDelegate.swift in Sources */,
				3C35C3D62C1F69AB000BA1FE /* SingleImageModel.swift in Sources */,
				3C35C3AB2C10E1D5000BA1FE /* UIColor+Extensions.swift in Sources */,
				3C35C3BC2C1B63C3000BA1FE /* ProfileViewController.swift in Sources */,
				3C35C3CA2C1F5520000BA1FE /* SingleImageViewController.swift in Sources */,
				3C35C3C62C1DE5FD000BA1FE /* MainTabBarViewController.swift in Sources */,
				3C35C3B22C121A81000BA1FE /* AppColorSettings.swift in Sources */,
				3C6F326A2C34643300CD930F /* WebViewView.swift in Sources */,
				3C6F32642C33235000CD930F /* AuthViewController.swift in Sources */,
				3C35C3B82C15E989000BA1FE /* ImagesListCellModel.swift in Sources */,
				3C6F32612C3087BC00CD930F /* Constants.swift in Sources */,
				3C204FA62C3B0FE500404D3C /* AuthViewControllerDelegate.swift in Sources */,
				3C95FC112C348CF2000F2256 /* WebViewViewControllerDelegate.swift in Sources */,
				3C336C272C4418EF007B0A47 /* ProfileService.swift in Sources */,
			);
			runOnlyForDeploymentPostprocessing = 0;
		};
/* End PBXSourcesBuildPhase section */

/* Begin PBXVariantGroup section */
		3C8A64092C0B5CE100FC6E6C /* LaunchScreen.storyboard */ = {
			isa = PBXVariantGroup;
			children = (
				3C8A640A2C0B5CE100FC6E6C /* Base */,
			);
			name = LaunchScreen.storyboard;
			sourceTree = "<group>";
		};
/* End PBXVariantGroup section */

/* Begin XCBuildConfiguration section */
		3C8A640D2C0B5CE100FC6E6C /* Debug */ = {
			isa = XCBuildConfiguration;
			buildSettings = {
				ALWAYS_SEARCH_USER_PATHS = NO;
				ASSETCATALOG_COMPILER_GENERATE_SWIFT_ASSET_SYMBOL_EXTENSIONS = YES;
				CLANG_ANALYZER_NONNULL = YES;
				CLANG_ANALYZER_NUMBER_OBJECT_CONVERSION = YES_AGGRESSIVE;
				CLANG_CXX_LANGUAGE_STANDARD = "gnu++20";
				CLANG_ENABLE_MODULES = YES;
				CLANG_ENABLE_OBJC_ARC = YES;
				CLANG_ENABLE_OBJC_WEAK = YES;
				CLANG_WARN_BLOCK_CAPTURE_AUTORELEASING = YES;
				CLANG_WARN_BOOL_CONVERSION = YES;
				CLANG_WARN_COMMA = YES;
				CLANG_WARN_CONSTANT_CONVERSION = YES;
				CLANG_WARN_DEPRECATED_OBJC_IMPLEMENTATIONS = YES;
				CLANG_WARN_DIRECT_OBJC_ISA_USAGE = YES_ERROR;
				CLANG_WARN_DOCUMENTATION_COMMENTS = YES;
				CLANG_WARN_EMPTY_BODY = YES;
				CLANG_WARN_ENUM_CONVERSION = YES;
				CLANG_WARN_INFINITE_RECURSION = YES;
				CLANG_WARN_INT_CONVERSION = YES;
				CLANG_WARN_NON_LITERAL_NULL_CONVERSION = YES;
				CLANG_WARN_OBJC_IMPLICIT_RETAIN_SELF = YES;
				CLANG_WARN_OBJC_LITERAL_CONVERSION = YES;
				CLANG_WARN_OBJC_ROOT_CLASS = YES_ERROR;
				CLANG_WARN_QUOTED_INCLUDE_IN_FRAMEWORK_HEADER = YES;
				CLANG_WARN_RANGE_LOOP_ANALYSIS = YES;
				CLANG_WARN_STRICT_PROTOTYPES = YES;
				CLANG_WARN_SUSPICIOUS_MOVE = YES;
				CLANG_WARN_UNGUARDED_AVAILABILITY = YES_AGGRESSIVE;
				CLANG_WARN_UNREACHABLE_CODE = YES;
				CLANG_WARN__DUPLICATE_METHOD_MATCH = YES;
				COPY_PHASE_STRIP = NO;
				DEBUG_INFORMATION_FORMAT = dwarf;
				ENABLE_STRICT_OBJC_MSGSEND = YES;
				ENABLE_TESTABILITY = YES;
				ENABLE_USER_SCRIPT_SANDBOXING = YES;
				GCC_C_LANGUAGE_STANDARD = gnu17;
				GCC_DYNAMIC_NO_PIC = NO;
				GCC_NO_COMMON_BLOCKS = YES;
				GCC_OPTIMIZATION_LEVEL = 0;
				GCC_PREPROCESSOR_DEFINITIONS = (
					"DEBUG=1",
					"$(inherited)",
				);
				GCC_WARN_64_TO_32_BIT_CONVERSION = YES;
				GCC_WARN_ABOUT_RETURN_TYPE = YES_ERROR;
				GCC_WARN_UNDECLARED_SELECTOR = YES;
				GCC_WARN_UNINITIALIZED_AUTOS = YES_AGGRESSIVE;
				GCC_WARN_UNUSED_FUNCTION = YES;
				GCC_WARN_UNUSED_VARIABLE = YES;
				IPHONEOS_DEPLOYMENT_TARGET = 13.0;
				LOCALIZATION_PREFERS_STRING_CATALOGS = YES;
				MTL_ENABLE_DEBUG_INFO = INCLUDE_SOURCE;
				MTL_FAST_MATH = YES;
				ONLY_ACTIVE_ARCH = YES;
				SDKROOT = iphoneos;
				SWIFT_ACTIVE_COMPILATION_CONDITIONS = "DEBUG $(inherited)";
				SWIFT_OPTIMIZATION_LEVEL = "-Onone";
			};
			name = Debug;
		};
		3C8A640E2C0B5CE100FC6E6C /* Release */ = {
			isa = XCBuildConfiguration;
			buildSettings = {
				ALWAYS_SEARCH_USER_PATHS = NO;
				ASSETCATALOG_COMPILER_GENERATE_SWIFT_ASSET_SYMBOL_EXTENSIONS = YES;
				CLANG_ANALYZER_NONNULL = YES;
				CLANG_ANALYZER_NUMBER_OBJECT_CONVERSION = YES_AGGRESSIVE;
				CLANG_CXX_LANGUAGE_STANDARD = "gnu++20";
				CLANG_ENABLE_MODULES = YES;
				CLANG_ENABLE_OBJC_ARC = YES;
				CLANG_ENABLE_OBJC_WEAK = YES;
				CLANG_WARN_BLOCK_CAPTURE_AUTORELEASING = YES;
				CLANG_WARN_BOOL_CONVERSION = YES;
				CLANG_WARN_COMMA = YES;
				CLANG_WARN_CONSTANT_CONVERSION = YES;
				CLANG_WARN_DEPRECATED_OBJC_IMPLEMENTATIONS = YES;
				CLANG_WARN_DIRECT_OBJC_ISA_USAGE = YES_ERROR;
				CLANG_WARN_DOCUMENTATION_COMMENTS = YES;
				CLANG_WARN_EMPTY_BODY = YES;
				CLANG_WARN_ENUM_CONVERSION = YES;
				CLANG_WARN_INFINITE_RECURSION = YES;
				CLANG_WARN_INT_CONVERSION = YES;
				CLANG_WARN_NON_LITERAL_NULL_CONVERSION = YES;
				CLANG_WARN_OBJC_IMPLICIT_RETAIN_SELF = YES;
				CLANG_WARN_OBJC_LITERAL_CONVERSION = YES;
				CLANG_WARN_OBJC_ROOT_CLASS = YES_ERROR;
				CLANG_WARN_QUOTED_INCLUDE_IN_FRAMEWORK_HEADER = YES;
				CLANG_WARN_RANGE_LOOP_ANALYSIS = YES;
				CLANG_WARN_STRICT_PROTOTYPES = YES;
				CLANG_WARN_SUSPICIOUS_MOVE = YES;
				CLANG_WARN_UNGUARDED_AVAILABILITY = YES_AGGRESSIVE;
				CLANG_WARN_UNREACHABLE_CODE = YES;
				CLANG_WARN__DUPLICATE_METHOD_MATCH = YES;
				COPY_PHASE_STRIP = NO;
				DEBUG_INFORMATION_FORMAT = "dwarf-with-dsym";
				ENABLE_NS_ASSERTIONS = NO;
				ENABLE_STRICT_OBJC_MSGSEND = YES;
				ENABLE_USER_SCRIPT_SANDBOXING = YES;
				GCC_C_LANGUAGE_STANDARD = gnu17;
				GCC_NO_COMMON_BLOCKS = YES;
				GCC_WARN_64_TO_32_BIT_CONVERSION = YES;
				GCC_WARN_ABOUT_RETURN_TYPE = YES_ERROR;
				GCC_WARN_UNDECLARED_SELECTOR = YES;
				GCC_WARN_UNINITIALIZED_AUTOS = YES_AGGRESSIVE;
				GCC_WARN_UNUSED_FUNCTION = YES;
				GCC_WARN_UNUSED_VARIABLE = YES;
				IPHONEOS_DEPLOYMENT_TARGET = 13.0;
				LOCALIZATION_PREFERS_STRING_CATALOGS = YES;
				MTL_ENABLE_DEBUG_INFO = NO;
				MTL_FAST_MATH = YES;
				SDKROOT = iphoneos;
				SWIFT_COMPILATION_MODE = wholemodule;
				VALIDATE_PRODUCT = YES;
			};
			name = Release;
		};
		3C8A64102C0B5CE100FC6E6C /* Debug */ = {
			isa = XCBuildConfiguration;
			buildSettings = {
				ASSETCATALOG_COMPILER_APPICON_NAME = AppIcon;
				ASSETCATALOG_COMPILER_GLOBAL_ACCENT_COLOR_NAME = AccentColor;
				CODE_SIGN_STYLE = Automatic;
				CURRENT_PROJECT_VERSION = 1;
				DEVELOPMENT_TEAM = 3T4L6EX6TF;
				GENERATE_INFOPLIST_FILE = YES;
				INFOPLIST_FILE = ImageFeed/SystemFiles/Info.plist;
				INFOPLIST_KEY_CFBundleDisplayName = ImageFeed;
				INFOPLIST_KEY_UIApplicationSupportsIndirectInputEvents = YES;
				INFOPLIST_KEY_UILaunchStoryboardName = LaunchScreen;
				INFOPLIST_KEY_UISupportedInterfaceOrientations = UIInterfaceOrientationPortrait;
				LD_RUNPATH_SEARCH_PATHS = (
					"$(inherited)",
					"@executable_path/Frameworks",
				);
				MARKETING_VERSION = 1.0;
				PRODUCT_BUNDLE_IDENTIFIER = ru.yandex.practicum.ImageFeed;
				PRODUCT_NAME = "$(TARGET_NAME)";
				SUPPORTED_PLATFORMS = "iphoneos iphonesimulator";
				SUPPORTS_MACCATALYST = NO;
				SUPPORTS_MAC_DESIGNED_FOR_IPHONE_IPAD = NO;
				SUPPORTS_XR_DESIGNED_FOR_IPHONE_IPAD = NO;
				SWIFT_EMIT_LOC_STRINGS = YES;
				SWIFT_VERSION = 5.0;
				TARGETED_DEVICE_FAMILY = 1;
			};
			name = Debug;
		};
		3C8A64112C0B5CE100FC6E6C /* Release */ = {
			isa = XCBuildConfiguration;
			buildSettings = {
				ASSETCATALOG_COMPILER_APPICON_NAME = AppIcon;
				ASSETCATALOG_COMPILER_GLOBAL_ACCENT_COLOR_NAME = AccentColor;
				CODE_SIGN_STYLE = Automatic;
				CURRENT_PROJECT_VERSION = 1;
				DEVELOPMENT_TEAM = 3T4L6EX6TF;
				GENERATE_INFOPLIST_FILE = YES;
				INFOPLIST_FILE = ImageFeed/SystemFiles/Info.plist;
				INFOPLIST_KEY_CFBundleDisplayName = ImageFeed;
				INFOPLIST_KEY_UIApplicationSupportsIndirectInputEvents = YES;
				INFOPLIST_KEY_UILaunchStoryboardName = LaunchScreen;
				INFOPLIST_KEY_UISupportedInterfaceOrientations = UIInterfaceOrientationPortrait;
				LD_RUNPATH_SEARCH_PATHS = (
					"$(inherited)",
					"@executable_path/Frameworks",
				);
				MARKETING_VERSION = 1.0;
				PRODUCT_BUNDLE_IDENTIFIER = ru.yandex.practicum.ImageFeed;
				PRODUCT_NAME = "$(TARGET_NAME)";
				SUPPORTED_PLATFORMS = "iphoneos iphonesimulator";
				SUPPORTS_MACCATALYST = NO;
				SUPPORTS_MAC_DESIGNED_FOR_IPHONE_IPAD = NO;
				SUPPORTS_XR_DESIGNED_FOR_IPHONE_IPAD = NO;
				SWIFT_EMIT_LOC_STRINGS = YES;
				SWIFT_VERSION = 5.0;
				TARGETED_DEVICE_FAMILY = 1;
			};
			name = Release;
		};
/* End XCBuildConfiguration section */

/* Begin XCConfigurationList section */
		3C8A63F62C0B5CE000FC6E6C /* Build configuration list for PBXProject "ImageFeed" */ = {
			isa = XCConfigurationList;
			buildConfigurations = (
				3C8A640D2C0B5CE100FC6E6C /* Debug */,
				3C8A640E2C0B5CE100FC6E6C /* Release */,
			);
			defaultConfigurationIsVisible = 0;
			defaultConfigurationName = Release;
		};
		3C8A640F2C0B5CE100FC6E6C /* Build configuration list for PBXNativeTarget "ImageFeed" */ = {
			isa = XCConfigurationList;
			buildConfigurations = (
				3C8A64102C0B5CE100FC6E6C /* Debug */,
				3C8A64112C0B5CE100FC6E6C /* Release */,
			);
			defaultConfigurationIsVisible = 0;
			defaultConfigurationName = Release;
		};
/* End XCConfigurationList section */

/* Begin XCRemoteSwiftPackageReference section */
		3C336C212C41B0F4007B0A47 /* XCRemoteSwiftPackageReference "ProgressHUD" */ = {
			isa = XCRemoteSwiftPackageReference;
			repositoryURL = "https://github.com/relatedcode/ProgressHUD";
			requirement = {
				kind = upToNextMajorVersion;
				minimumVersion = 14.1.3;
			};
		};
/* End XCRemoteSwiftPackageReference section */

/* Begin XCSwiftPackageProductDependency section */
		3C336C222C41B0F4007B0A47 /* ProgressHUD */ = {
			isa = XCSwiftPackageProductDependency;
			package = 3C336C212C41B0F4007B0A47 /* XCRemoteSwiftPackageReference "ProgressHUD" */;
			productName = ProgressHUD;
		};
/* End XCSwiftPackageProductDependency section */
	};
	rootObject = 3C8A63F32C0B5CE000FC6E6C /* Project object */;
}
